
Microsoft Visual Studio Solution File, Format Version 12.00
# Visual Studio Version 17
VisualStudioVersion = 17.5.33627.172
MinimumVisualStudioVersion = 10.0.40219.1
Project("{FAE04EC0-301F-11D3-BF4B-00C04F79EFBC}") = "CarSpecter", "CarSpecter\CarSpecter.csproj", "{6433BB29-27CD-4E07-AAA9-C53C8C03E7C1}"
EndProject
Global
	GlobalSection(SolutionConfigurationPlatforms) = preSolution
		Debug|Any CPU = Debug|Any CPU
		Release|Any CPU = Release|Any CPU
	EndGlobalSection
	GlobalSection(ProjectConfigurationPlatforms) = postSolution
		{6433BB29-27CD-4E07-AAA9-C53C8C03E7C1}.Debug|Any CPU.ActiveCfg = Debug|Any CPU
		{6433BB29-27CD-4E07-AAA9-C53C8C03E7C1}.Debug|Any CPU.Build.0 = Debug|Any CPU
		{6433BB29-27CD-4E07-AAA9-C53C8C03E7C1}.Release|Any CPU.ActiveCfg = Release|Any CPU
		{6433BB29-27CD-4E07-AAA9-C53C8C03E7C1}.Release|Any CPU.Build.0 = Release|Any CPU
	EndGlobalSection
	GlobalSection(SolutionProperties) = preSolution
		HideSolutionNode = FALSE
	EndGlobalSection
	GlobalSection(ExtensibilityGlobals) = postSolution
		SolutionGuid = {69A65A56-0C9D-4CCA-A7AE-CBA993C7EE54}
	EndGlobalSection
EndGlobal
